
Microsoft Visual Studio Solution File, Format Version 12.00
# Visual Studio 2012
Project("{FAE04EC0-301F-11D3-BF4B-00C04F79EFBC}") = "WA.Standard.IF.WebService", "WA.Standard.IF.WebService\WA.Standard.IF.WebService.csproj", "{6F873F89-15DF-4D80-AB17-EF72C4EEF1C1}"
EndProject
Project("{FAE04EC0-301F-11D3-BF4B-00C04F79EFBC}") = "WA.Standard.IF.Data", "WA.Standard.IF.Data\WA.Standard.IF.Data.csproj", "{2635AE3E-B79A-4EBD-8B3D-3284DDEF7A8C}"
EndProject
Project("{FAE04EC0-301F-11D3-BF4B-00C04F79EFBC}") = "WA.Standard.IF.Biz", "WA.Standard.IF.Biz\WA.Standard.IF.Biz.csproj", "{6232757D-624E-4104-A40F-121ACA26A7D2}"
EndProject
Project("{2150E333-8FDC-42A3-9474-1A3956D46DE8}") = "20.Biz", "20.Biz", "{F4CFEDF3-D18D-40C6-9E34-E8E980CDA84D}"
EndProject
Project("{2150E333-8FDC-42A3-9474-1A3956D46DE8}") = "40.Data", "40.Data", "{5571EA87-5FCD-4B73-AF05-ECF54052C4FD}"
EndProject
Project("{2150E333-8FDC-42A3-9474-1A3956D46DE8}") = "90.WebService", "90.WebService", "{7288FD08-AE5D-4CB4-A8F2-E20730D0631B}"
EndProject
Project("{2150E333-8FDC-42A3-9474-1A3956D46DE8}") = "10.Logger", "10.Logger", "{F37BE1BF-2D28-4EDB-9AEA-CF1525408B3B}"
EndProject
Project("{FAE04EC0-301F-11D3-BF4B-00C04F79EFBC}") = "WA.Standard.IF.Logger", "WA.Standard.IF.Logger\WA.Standard.IF.Logger.csproj", "{1E7DDCFB-D1EA-42E7-B139-660F72F8DDE3}"
EndProject
Project("{2150E333-8FDC-42A3-9474-1A3956D46DE8}") = "30.Dac", "30.Dac", "{E72C1260-8ED5-44A6-8706-7F7C561E7038}"
EndProject
Project("{FAE04EC0-301F-11D3-BF4B-00C04F79EFBC}") = "WA.Standard.IF.Dac", "WA.Standard.IF.Dac\WA.Standard.IF.Dac.csproj", "{2C73209D-D092-4CE3-ADD4-438BFBB8D7ED}"
EndProject
Project("{2150E333-8FDC-42A3-9474-1A3956D46DE8}") = "00.Assembly", "00.Assembly", "{1FC05ACA-1B3F-4819-94FF-A299FFBCD17D}"
	ProjectSection(SolutionItems) = preProject
		WA.Standard.IF.Assembly\log4net.dll = WA.Standard.IF.Assembly\log4net.dll
		WA.Standard.IF.Assembly\Microsoft.Practices.EnterpriseLibrary.Common.dll = WA.Standard.IF.Assembly\Microsoft.Practices.EnterpriseLibrary.Common.dll
		WA.Standard.IF.Assembly\Microsoft.Practices.EnterpriseLibrary.Data.dll = WA.Standard.IF.Assembly\Microsoft.Practices.EnterpriseLibrary.Data.dll
		WA.Standard.IF.Assembly\Microsoft.Practices.ObjectBuilder.dll = WA.Standard.IF.Assembly\Microsoft.Practices.ObjectBuilder.dll
		WA.Standard.IF.Assembly\STIS.Framework.V4.Cryptography.dll = WA.Standard.IF.Assembly\STIS.Framework.V4.Cryptography.dll
		WA.Standard.IF.Assembly\STIS.Framework.V4.dll = WA.Standard.IF.Assembly\STIS.Framework.V4.dll
	EndProjectSection
EndProject
Project("{2150E333-8FDC-42A3-9474-1A3956D46DE8}") = "80.Proxy", "80.Proxy", "{0B4EC436-75DA-48D4-B02A-061524018EEC}"
EndProject
Project("{FAE04EC0-301F-11D3-BF4B-00C04F79EFBC}") = "WA.Standard.IF.Proxy", "WA.Standard.IF.Proxy\WA.Standard.IF.Proxy.csproj", "{5C0853B7-0B55-4921-918B-578AF0B454CB}"
EndProject
Project("{FAE04EC0-301F-11D3-BF4B-00C04F79EFBC}") = "_1C.v4", "_1C.v4\_1C.v4.csproj", "{81FEB6AF-4C10-4041-9A37-2060DC736743}"
EndProject
Project("{2150E333-8FDC-42A3-9474-1A3956D46DE8}") = "dll", "dll", "{12B4E9F8-F310-4B13-B517-F16904C44F53}"
EndProject
Project("{FAE04EC0-301F-11D3-BF4B-00C04F79EFBC}") = "_WA.Mapper.v2", "_WA.Mapper.v2\_WA.Mapper.v2.csproj", "{37CA5BB5-E8E4-49D2-99B8-D037BC0C210A}"
EndProject
Project("{FAE04EC0-301F-11D3-BF4B-00C04F79EFBC}") = "_1C_v8_2", "_1C_v8_2\_1C_v8_2.csproj", "{56B24AED-123B-4124-A0EC-468F51C085AC}"
EndProject
Project("{FAE04EC0-301F-11D3-BF4B-00C04F79EFBC}") = "_SERAUTO.v1", "_SERAUTO.v1\_SERAUTO.v1.csproj", "{39257475-A042-43DC-8F63-0ED812091C67}"
EndProject
Global
	GlobalSection(SourceCodeControl) = preSolution
		SccNumberOfProjects = 11
		SccLocalPath0 = .
		SccProjectUniqueName1 = WA.Standard.IF.Biz\\WA.Standard.IF.Biz.csproj
		SccProjectTopLevelParentUniqueName1 = WA.Standard.IF.sln
		SccLocalPath1 = .
		SccProjectFilePathRelativizedFromConnection1 = WA.Standard.IF.Biz\\
		SccProjectUniqueName2 = WA.Standard.IF.Data\\WA.Standard.IF.Data.csproj
		SccProjectTopLevelParentUniqueName2 = WA.Standard.IF.sln
		SccLocalPath2 = .
		SccProjectFilePathRelativizedFromConnection2 = WA.Standard.IF.Data\\
		SccProjectUniqueName3 = WA.Standard.IF.WebService\\WA.Standard.IF.WebService.csproj
		SccProjectTopLevelParentUniqueName3 = WA.Standard.IF.sln
		SccLocalPath3 = .
		SccProjectFilePathRelativizedFromConnection3 = WA.Standard.IF.WebService\\
		SccProjectUniqueName4 = WA.Standard.IF.Dac\\WA.Standard.IF.Dac.csproj
		SccProjectTopLevelParentUniqueName4 = WA.Standard.IF.sln
		SccLocalPath4 = .
		SccProjectFilePathRelativizedFromConnection4 = WA.Standard.IF.Dac\\
		SccProjectUniqueName5 = WA.Standard.IF.Logger\\WA.Standard.IF.Logger.csproj
		SccProjectTopLevelParentUniqueName5 = WA.Standard.IF.sln
		SccLocalPath5 = .
		SccProjectFilePathRelativizedFromConnection5 = WA.Standard.IF.Logger\\
		SccProjectUniqueName6 = WA.Standard.IF.Proxy\\WA.Standard.IF.Proxy.csproj
		SccProjectTopLevelParentUniqueName6 = WA.Standard.IF.sln
		SccLocalPath6 = .
		SccProjectFilePathRelativizedFromConnection6 = WA.Standard.IF.Proxy\\
		SccProjectUniqueName7 = _1C.v4\\_1C.v4.csproj
		SccProjectTopLevelParentUniqueName7 = WA.Standard.IF.sln
		SccLocalPath7 = .
		SccProjectFilePathRelativizedFromConnection7 = _1C.v4\\
		SccProjectUniqueName8 = _WA.Mapper.v2\\_WA.Mapper.v2.csproj
		SccProjectTopLevelParentUniqueName8 = WA.Standard.IF.sln
		SccLocalPath8 = .
		SccProjectFilePathRelativizedFromConnection8 = _WA.Mapper.v2\\
		SccProjectUniqueName9 = _1C_v8_2\\_1C_v8_2.csproj
		SccProjectTopLevelParentUniqueName9 = WA.Standard.IF.sln
		SccLocalPath9 = .
		SccProjectFilePathRelativizedFromConnection9 = _1C_v8_2\\
		SccProjectUniqueName10 = _SERAUTO.v1\\_SERAUTO.v1.csproj
		SccProjectTopLevelParentUniqueName10 = WA.Standard.IF.sln
		SccLocalPath10 = .
		SccProjectFilePathRelativizedFromConnection10 = _SERAUTO.v1\\
	EndGlobalSection
	GlobalSection(SolutionConfigurationPlatforms) = preSolution
		Debug|Any CPU = Debug|Any CPU
		Release|Any CPU = Release|Any CPU
	EndGlobalSection
	GlobalSection(ProjectConfigurationPlatforms) = postSolution
		{6F873F89-15DF-4D80-AB17-EF72C4EEF1C1}.Debug|Any CPU.ActiveCfg = Debug|Any CPU
		{6F873F89-15DF-4D80-AB17-EF72C4EEF1C1}.Debug|Any CPU.Build.0 = Debug|Any CPU
		{6F873F89-15DF-4D80-AB17-EF72C4EEF1C1}.Release|Any CPU.ActiveCfg = Release|Any CPU
		{6F873F89-15DF-4D80-AB17-EF72C4EEF1C1}.Release|Any CPU.Build.0 = Release|Any CPU
		{2635AE3E-B79A-4EBD-8B3D-3284DDEF7A8C}.Debug|Any CPU.ActiveCfg = Debug|Any CPU
		{2635AE3E-B79A-4EBD-8B3D-3284DDEF7A8C}.Debug|Any CPU.Build.0 = Debug|Any CPU
		{2635AE3E-B79A-4EBD-8B3D-3284DDEF7A8C}.Release|Any CPU.ActiveCfg = Release|Any CPU
		{2635AE3E-B79A-4EBD-8B3D-3284DDEF7A8C}.Release|Any CPU.Build.0 = Release|Any CPU
		{6232757D-624E-4104-A40F-121ACA26A7D2}.Debug|Any CPU.ActiveCfg = Debug|Any CPU
		{6232757D-624E-4104-A40F-121ACA26A7D2}.Debug|Any CPU.Build.0 = Debug|Any CPU
		{6232757D-624E-4104-A40F-121ACA26A7D2}.Release|Any CPU.ActiveCfg = Release|Any CPU
		{6232757D-624E-4104-A40F-121ACA26A7D2}.Release|Any CPU.Build.0 = Release|Any CPU
		{1E7DDCFB-D1EA-42E7-B139-660F72F8DDE3}.Debug|Any CPU.ActiveCfg = Debug|Any CPU
		{1E7DDCFB-D1EA-42E7-B139-660F72F8DDE3}.Debug|Any CPU.Build.0 = Debug|Any CPU
		{1E7DDCFB-D1EA-42E7-B139-660F72F8DDE3}.Release|Any CPU.ActiveCfg = Release|Any CPU
		{1E7DDCFB-D1EA-42E7-B139-660F72F8DDE3}.Release|Any CPU.Build.0 = Release|Any CPU
		{2C73209D-D092-4CE3-ADD4-438BFBB8D7ED}.Debug|Any CPU.ActiveCfg = Debug|Any CPU
		{2C73209D-D092-4CE3-ADD4-438BFBB8D7ED}.Debug|Any CPU.Build.0 = Debug|Any CPU
		{2C73209D-D092-4CE3-ADD4-438BFBB8D7ED}.Release|Any CPU.ActiveCfg = Release|Any CPU
		{2C73209D-D092-4CE3-ADD4-438BFBB8D7ED}.Release|Any CPU.Build.0 = Release|Any CPU
		{5C0853B7-0B55-4921-918B-578AF0B454CB}.Debug|Any CPU.ActiveCfg = Debug|Any CPU
		{5C0853B7-0B55-4921-918B-578AF0B454CB}.Debug|Any CPU.Build.0 = Debug|Any CPU
		{5C0853B7-0B55-4921-918B-578AF0B454CB}.Release|Any CPU.ActiveCfg = Release|Any CPU
		{5C0853B7-0B55-4921-918B-578AF0B454CB}.Release|Any CPU.Build.0 = Release|Any CPU
		{81FEB6AF-4C10-4041-9A37-2060DC736743}.Debug|Any CPU.ActiveCfg = Debug|Any CPU
		{81FEB6AF-4C10-4041-9A37-2060DC736743}.Debug|Any CPU.Build.0 = Debug|Any CPU
		{81FEB6AF-4C10-4041-9A37-2060DC736743}.Release|Any CPU.ActiveCfg = Release|Any CPU
		{81FEB6AF-4C10-4041-9A37-2060DC736743}.Release|Any CPU.Build.0 = Release|Any CPU
		{37CA5BB5-E8E4-49D2-99B8-D037BC0C210A}.Debug|Any CPU.ActiveCfg = Debug|Any CPU
		{37CA5BB5-E8E4-49D2-99B8-D037BC0C210A}.Debug|Any CPU.Build.0 = Debug|Any CPU
		{37CA5BB5-E8E4-49D2-99B8-D037BC0C210A}.Release|Any CPU.ActiveCfg = Release|Any CPU
		{37CA5BB5-E8E4-49D2-99B8-D037BC0C210A}.Release|Any CPU.Build.0 = Release|Any CPU
		{56B24AED-123B-4124-A0EC-468F51C085AC}.Debug|Any CPU.ActiveCfg = Debug|Any CPU
		{56B24AED-123B-4124-A0EC-468F51C085AC}.Debug|Any CPU.Build.0 = Debug|Any CPU
		{56B24AED-123B-4124-A0EC-468F51C085AC}.Release|Any CPU.ActiveCfg = Release|Any CPU
		{56B24AED-123B-4124-A0EC-468F51C085AC}.Release|Any CPU.Build.0 = Release|Any CPU
		{39257475-A042-43DC-8F63-0ED812091C67}.Debug|Any CPU.ActiveCfg = Debug|Any CPU
		{39257475-A042-43DC-8F63-0ED812091C67}.Debug|Any CPU.Build.0 = Debug|Any CPU
		{39257475-A042-43DC-8F63-0ED812091C67}.Release|Any CPU.ActiveCfg = Release|Any CPU
		{39257475-A042-43DC-8F63-0ED812091C67}.Release|Any CPU.Build.0 = Release|Any CPU
	EndGlobalSection
	GlobalSection(SolutionProperties) = preSolution
		HideSolutionNode = FALSE
	EndGlobalSection
	GlobalSection(NestedProjects) = preSolution
		{6F873F89-15DF-4D80-AB17-EF72C4EEF1C1} = {7288FD08-AE5D-4CB4-A8F2-E20730D0631B}
		{2635AE3E-B79A-4EBD-8B3D-3284DDEF7A8C} = {5571EA87-5FCD-4B73-AF05-ECF54052C4FD}
		{6232757D-624E-4104-A40F-121ACA26A7D2} = {F4CFEDF3-D18D-40C6-9E34-E8E980CDA84D}
		{1E7DDCFB-D1EA-42E7-B139-660F72F8DDE3} = {F37BE1BF-2D28-4EDB-9AEA-CF1525408B3B}
		{2C73209D-D092-4CE3-ADD4-438BFBB8D7ED} = {E72C1260-8ED5-44A6-8706-7F7C561E7038}
		{5C0853B7-0B55-4921-918B-578AF0B454CB} = {0B4EC436-75DA-48D4-B02A-061524018EEC}
		{12B4E9F8-F310-4B13-B517-F16904C44F53} = {0B4EC436-75DA-48D4-B02A-061524018EEC}
		{81FEB6AF-4C10-4041-9A37-2060DC736743} = {12B4E9F8-F310-4B13-B517-F16904C44F53}
		{37CA5BB5-E8E4-49D2-99B8-D037BC0C210A} = {12B4E9F8-F310-4B13-B517-F16904C44F53}
		{56B24AED-123B-4124-A0EC-468F51C085AC} = {12B4E9F8-F310-4B13-B517-F16904C44F53}
		{39257475-A042-43DC-8F63-0ED812091C67} = {12B4E9F8-F310-4B13-B517-F16904C44F53}
	EndGlobalSection
EndGlobal
